// !$*UTF8*$!
{
	archiveVersion = 1;
	classes = {
	};
	objectVersion = 56;
	objects = {

/* Begin PBXBuildFile section */
		679FE0072C35A35B0073FBA7 /* AppDelegate.swift in Sources */ = {isa = PBXBuildFile; fileRef = 679FE0062C35A35B0073FBA7 /* AppDelegate.swift */; };
		679FE0092C35A35B0073FBA7 /* SceneDelegate.swift in Sources */ = {isa = PBXBuildFile; fileRef = 679FE0082C35A35B0073FBA7 /* SceneDelegate.swift */; };
		679FE00B2C35A35B0073FBA7 /* RMTabBarController.swift in Sources */ = {isa = PBXBuildFile; fileRef = 679FE00A2C35A35B0073FBA7 /* RMTabBarController.swift */; };
		679FE0102C35A35D0073FBA7 /* Assets.xcassets in Resources */ = {isa = PBXBuildFile; fileRef = 679FE00F2C35A35D0073FBA7 /* Assets.xcassets */; };
		679FE0132C35A35D0073FBA7 /* LaunchScreen.storyboard in Resources */ = {isa = PBXBuildFile; fileRef = 679FE0112C35A35D0073FBA7 /* LaunchScreen.storyboard */; };
		679FE0222C35A57D0073FBA7 /* RMLocation.swift in Sources */ = {isa = PBXBuildFile; fileRef = 679FE0212C35A57D0073FBA7 /* RMLocation.swift */; };
		679FE0242C35A5880073FBA7 /* RMCharacter.swift in Sources */ = {isa = PBXBuildFile; fileRef = 679FE0232C35A5880073FBA7 /* RMCharacter.swift */; };
		679FE0262C35A5A10073FBA7 /* RMEpisode.swift in Sources */ = {isa = PBXBuildFile; fileRef = 679FE0252C35A5A10073FBA7 /* RMEpisode.swift */; };
		679FE0292C35A6040073FBA7 /* RMCharacterViewController.swift in Sources */ = {isa = PBXBuildFile; fileRef = 679FE0282C35A6040073FBA7 /* RMCharacterViewController.swift */; };
		679FE02B2C35A6120073FBA7 /* RMLocationViewController.swift in Sources */ = {isa = PBXBuildFile; fileRef = 679FE02A2C35A6120073FBA7 /* RMLocationViewController.swift */; };
		679FE02D2C35A61C0073FBA7 /* RMEpisodeViewController.swift in Sources */ = {isa = PBXBuildFile; fileRef = 679FE02C2C35A61C0073FBA7 /* RMEpisodeViewController.swift */; };
		679FE02F2C35A6230073FBA7 /* RMSettingsViewController.swift in Sources */ = {isa = PBXBuildFile; fileRef = 679FE02E2C35A6230073FBA7 /* RMSettingsViewController.swift */; };
		67E063F82C35E84A00D64907 /* RMService.swift in Sources */ = {isa = PBXBuildFile; fileRef = 67E063F72C35E84A00D64907 /* RMService.swift */; };
		67E063FA2C35E85A00D64907 /* RMRequest.swift in Sources */ = {isa = PBXBuildFile; fileRef = 67E063F92C35E85A00D64907 /* RMRequest.swift */; };
		67E063FC2C35F0D300D64907 /* RMEndpoint.swift in Sources */ = {isa = PBXBuildFile; fileRef = 67E063FB2C35F0D300D64907 /* RMEndpoint.swift */; };
		67E063FE2C35F65800D64907 /* RMOrigin.swift in Sources */ = {isa = PBXBuildFile; fileRef = 67E063FD2C35F65800D64907 /* RMOrigin.swift */; };
		67E064002C35F6F700D64907 /* RMSingleLocation.swift in Sources */ = {isa = PBXBuildFile; fileRef = 67E063FF2C35F6F700D64907 /* RMSingleLocation.swift */; };
		67E064022C35F86300D64907 /* RMCharacterStatus.swift in Sources */ = {isa = PBXBuildFile; fileRef = 67E064012C35F86300D64907 /* RMCharacterStatus.swift */; };
		67E064042C35F89100D64907 /* RMCharacterGender.swift in Sources */ = {isa = PBXBuildFile; fileRef = 67E064032C35F89100D64907 /* RMCharacterGender.swift */; };
/* End PBXBuildFile section */

/* Begin PBXFileReference section */
		679FE0032C35A35B0073FBA7 /* RickAndMorty.app */ = {isa = PBXFileReference; explicitFileType = wrapper.application; includeInIndex = 0; path = RickAndMorty.app; sourceTree = BUILT_PRODUCTS_DIR; };
		679FE0062C35A35B0073FBA7 /* AppDelegate.swift */ = {isa = PBXFileReference; lastKnownFileType = sourcecode.swift; path = AppDelegate.swift; sourceTree = "<group>"; };
		679FE0082C35A35B0073FBA7 /* SceneDelegate.swift */ = {isa = PBXFileReference; lastKnownFileType = sourcecode.swift; path = SceneDelegate.swift; sourceTree = "<group>"; };
		679FE00A2C35A35B0073FBA7 /* RMTabBarController.swift */ = {isa = PBXFileReference; lastKnownFileType = sourcecode.swift; path = RMTabBarController.swift; sourceTree = "<group>"; };
		679FE00F2C35A35D0073FBA7 /* Assets.xcassets */ = {isa = PBXFileReference; lastKnownFileType = folder.assetcatalog; path = Assets.xcassets; sourceTree = "<group>"; };
		679FE0122C35A35D0073FBA7 /* Base */ = {isa = PBXFileReference; lastKnownFileType = file.storyboard; name = Base; path = Base.lproj/LaunchScreen.storyboard; sourceTree = "<group>"; };
		679FE0142C35A35D0073FBA7 /* Info.plist */ = {isa = PBXFileReference; lastKnownFileType = text.plist.xml; path = Info.plist; sourceTree = "<group>"; };
		679FE0212C35A57D0073FBA7 /* RMLocation.swift */ = {isa = PBXFileReference; lastKnownFileType = sourcecode.swift; path = RMLocation.swift; sourceTree = "<group>"; };
		679FE0232C35A5880073FBA7 /* RMCharacter.swift */ = {isa = PBXFileReference; lastKnownFileType = sourcecode.swift; path = RMCharacter.swift; sourceTree = "<group>"; };
		679FE0252C35A5A10073FBA7 /* RMEpisode.swift */ = {isa = PBXFileReference; lastKnownFileType = sourcecode.swift; path = RMEpisode.swift; sourceTree = "<group>"; };
		679FE0282C35A6040073FBA7 /* RMCharacterViewController.swift */ = {isa = PBXFileReference; lastKnownFileType = sourcecode.swift; path = RMCharacterViewController.swift; sourceTree = "<group>"; };
		679FE02A2C35A6120073FBA7 /* RMLocationViewController.swift */ = {isa = PBXFileReference; lastKnownFileType = sourcecode.swift; path = RMLocationViewController.swift; sourceTree = "<group>"; };
		679FE02C2C35A61C0073FBA7 /* RMEpisodeViewController.swift */ = {isa = PBXFileReference; lastKnownFileType = sourcecode.swift; path = RMEpisodeViewController.swift; sourceTree = "<group>"; };
		679FE02E2C35A6230073FBA7 /* RMSettingsViewController.swift */ = {isa = PBXFileReference; lastKnownFileType = sourcecode.swift; path = RMSettingsViewController.swift; sourceTree = "<group>"; };
		67E063F72C35E84A00D64907 /* RMService.swift */ = {isa = PBXFileReference; lastKnownFileType = sourcecode.swift; path = RMService.swift; sourceTree = "<group>"; };
		67E063F92C35E85A00D64907 /* RMRequest.swift */ = {isa = PBXFileReference; lastKnownFileType = sourcecode.swift; path = RMRequest.swift; sourceTree = "<group>"; };
		67E063FB2C35F0D300D64907 /* RMEndpoint.swift */ = {isa = PBXFileReference; lastKnownFileType = sourcecode.swift; path = RMEndpoint.swift; sourceTree = "<group>"; };
		67E063FD2C35F65800D64907 /* RMOrigin.swift */ = {isa = PBXFileReference; lastKnownFileType = sourcecode.swift; path = RMOrigin.swift; sourceTree = "<group>"; };
		67E063FF2C35F6F700D64907 /* RMSingleLocation.swift */ = {isa = PBXFileReference; lastKnownFileType = sourcecode.swift; path = RMSingleLocation.swift; sourceTree = "<group>"; };
		67E064012C35F86300D64907 /* RMCharacterStatus.swift */ = {isa = PBXFileReference; lastKnownFileType = sourcecode.swift; path = RMCharacterStatus.swift; sourceTree = "<group>"; };
		67E064032C35F89100D64907 /* RMCharacterGender.swift */ = {isa = PBXFileReference; lastKnownFileType = sourcecode.swift; path = RMCharacterGender.swift; sourceTree = "<group>"; };
/* End PBXFileReference section */

/* Begin PBXFrameworksBuildPhase section */
		679FE0002C35A35B0073FBA7 /* Frameworks */ = {
			isa = PBXFrameworksBuildPhase;
			buildActionMask = 2147483647;
			files = (
			);
			runOnlyForDeploymentPostprocessing = 0;
		};
/* End PBXFrameworksBuildPhase section */

/* Begin PBXGroup section */
		679FDFFA2C35A35B0073FBA7 = {
			isa = PBXGroup;
			children = (
				679FE0052C35A35B0073FBA7 /* RickAndMorty */,
				679FE0042C35A35B0073FBA7 /* Products */,
			);
			sourceTree = "<group>";
		};
		679FE0042C35A35B0073FBA7 /* Products */ = {
			isa = PBXGroup;
			children = (
				679FE0032C35A35B0073FBA7 /* RickAndMorty.app */,
			);
			name = Products;
			sourceTree = "<group>";
		};
		679FE0052C35A35B0073FBA7 /* RickAndMorty */ = {
			isa = PBXGroup;
			children = (
				679FE01F2C35A4DD0073FBA7 /* APIClient */,
				679FE01A2C35A4B40073FBA7 /* Controllers */,
				679FE01E2C35A4D20073FBA7 /* Managers */,
				679FE01B2C35A4BC0073FBA7 /* Models */,
				679FE0202C35A4F20073FBA7 /* Resources */,
				679FE01D2C35A4C80073FBA7 /* ViewModels */,
				679FE01C2C35A4C30073FBA7 /* Views */,
				679FE0142C35A35D0073FBA7 /* Info.plist */,
			);
			path = RickAndMorty;
			sourceTree = "<group>";
		};
		679FE01A2C35A4B40073FBA7 /* Controllers */ = {
			isa = PBXGroup;
			children = (
				679FE0272C35A5DC0073FBA7 /* Core */,
			);
			path = Controllers;
			sourceTree = "<group>";
		};
		679FE01B2C35A4BC0073FBA7 /* Models */ = {
			isa = PBXGroup;
			children = (
				679FE0212C35A57D0073FBA7 /* RMLocation.swift */,
				679FE0232C35A5880073FBA7 /* RMCharacter.swift */,
				679FE0252C35A5A10073FBA7 /* RMEpisode.swift */,
				67E063FD2C35F65800D64907 /* RMOrigin.swift */,
				67E063FF2C35F6F700D64907 /* RMSingleLocation.swift */,
				67E064012C35F86300D64907 /* RMCharacterStatus.swift */,
				67E064032C35F89100D64907 /* RMCharacterGender.swift */,
			);
			path = Models;
			sourceTree = "<group>";
		};
		679FE01C2C35A4C30073FBA7 /* Views */ = {
			isa = PBXGroup;
			children = (
			);
			path = Views;
			sourceTree = "<group>";
		};
		679FE01D2C35A4C80073FBA7 /* ViewModels */ = {
			isa = PBXGroup;
			children = (
			);
			path = ViewModels;
			sourceTree = "<group>";
		};
		679FE01E2C35A4D20073FBA7 /* Managers */ = {
			isa = PBXGroup;
			children = (
			);
			path = Managers;
			sourceTree = "<group>";
		};
		679FE01F2C35A4DD0073FBA7 /* APIClient */ = {
			isa = PBXGroup;
			children = (
				67E063F72C35E84A00D64907 /* RMService.swift */,
				67E063F92C35E85A00D64907 /* RMRequest.swift */,
				67E063FB2C35F0D300D64907 /* RMEndpoint.swift */,
			);
			path = APIClient;
			sourceTree = "<group>";
		};
		679FE0202C35A4F20073FBA7 /* Resources */ = {
			isa = PBXGroup;
			children = (
				679FE0062C35A35B0073FBA7 /* AppDelegate.swift */,
				679FE0082C35A35B0073FBA7 /* SceneDelegate.swift */,
				679FE00F2C35A35D0073FBA7 /* Assets.xcassets */,
				679FE0112C35A35D0073FBA7 /* LaunchScreen.storyboard */,
			);
			path = Resources;
			sourceTree = "<group>";
		};
		679FE0272C35A5DC0073FBA7 /* Core */ = {
			isa = PBXGroup;
			children = (
				679FE00A2C35A35B0073FBA7 /* RMTabBarController.swift */,
				679FE0282C35A6040073FBA7 /* RMCharacterViewController.swift */,
				679FE02A2C35A6120073FBA7 /* RMLocationViewController.swift */,
				679FE02C2C35A61C0073FBA7 /* RMEpisodeViewController.swift */,
				679FE02E2C35A6230073FBA7 /* RMSettingsViewController.swift */,
			);
			path = Core;
			sourceTree = "<group>";
		};
/* End PBXGroup section */

/* Begin PBXNativeTarget section */
		679FE0022C35A35B0073FBA7 /* RickAndMorty */ = {
			isa = PBXNativeTarget;
			buildConfigurationList = 679FE0172C35A35D0073FBA7 /* Build configuration list for PBXNativeTarget "RickAndMorty" */;
			buildPhases = (
				679FDFFF2C35A35B0073FBA7 /* Sources */,
				679FE0002C35A35B0073FBA7 /* Frameworks */,
				679FE0012C35A35B0073FBA7 /* Resources */,
			);
			buildRules = (
			);
			dependencies = (
			);
			name = RickAndMorty;
			productName = RickAndMorty;
			productReference = 679FE0032C35A35B0073FBA7 /* RickAndMorty.app */;
			productType = "com.apple.product-type.application";
		};
/* End PBXNativeTarget section */

/* Begin PBXProject section */
		679FDFFB2C35A35B0073FBA7 /* Project object */ = {
			isa = PBXProject;
			attributes = {
				BuildIndependentTargetsInParallel = 1;
				LastSwiftUpdateCheck = 1510;
				LastUpgradeCheck = 1510;
				TargetAttributes = {
					679FE0022C35A35B0073FBA7 = {
						CreatedOnToolsVersion = 15.1;
					};
				};
			};
			buildConfigurationList = 679FDFFE2C35A35B0073FBA7 /* Build configuration list for PBXProject "RickAndMorty" */;
			compatibilityVersion = "Xcode 14.0";
			developmentRegion = en;
			hasScannedForEncodings = 0;
			knownRegions = (
				en,
				Base,
			);
			mainGroup = 679FDFFA2C35A35B0073FBA7;
			productRefGroup = 679FE0042C35A35B0073FBA7 /* Products */;
			projectDirPath = "";
			projectRoot = "";
			targets = (
				679FE0022C35A35B0073FBA7 /* RickAndMorty */,
			);
		};
/* End PBXProject section */

/* Begin PBXResourcesBuildPhase section */
		679FE0012C35A35B0073FBA7 /* Resources */ = {
			isa = PBXResourcesBuildPhase;
			buildActionMask = 2147483647;
			files = (
				679FE0132C35A35D0073FBA7 /* LaunchScreen.storyboard in Resources */,
				679FE0102C35A35D0073FBA7 /* Assets.xcassets in Resources */,
			);
			runOnlyForDeploymentPostprocessing = 0;
		};
/* End PBXResourcesBuildPhase section */

/* Begin PBXSourcesBuildPhase section */
		679FDFFF2C35A35B0073FBA7 /* Sources */ = {
			isa = PBXSourcesBuildPhase;
			buildActionMask = 2147483647;
			files = (
				67E063FE2C35F65800D64907 /* RMOrigin.swift in Sources */,
				67E064002C35F6F700D64907 /* RMSingleLocation.swift in Sources */,
				67E064022C35F86300D64907 /* RMCharacterStatus.swift in Sources */,
				67E064042C35F89100D64907 /* RMCharacterGender.swift in Sources */,
				679FE02B2C35A6120073FBA7 /* RMLocationViewController.swift in Sources */,
				679FE0262C35A5A10073FBA7 /* RMEpisode.swift in Sources */,
				679FE00B2C35A35B0073FBA7 /* RMTabBarController.swift in Sources */,
				679FE02D2C35A61C0073FBA7 /* RMEpisodeViewController.swift in Sources */,
				679FE0072C35A35B0073FBA7 /* AppDelegate.swift in Sources */,
				679FE0092C35A35B0073FBA7 /* SceneDelegate.swift in Sources */,
				679FE02F2C35A6230073FBA7 /* RMSettingsViewController.swift in Sources */,
				67E063F82C35E84A00D64907 /* RMService.swift in Sources */,
				679FE0222C35A57D0073FBA7 /* RMLocation.swift in Sources */,
				67E063FC2C35F0D300D64907 /* RMEndpoint.swift in Sources */,
				679FE0242C35A5880073FBA7 /* RMCharacter.swift in Sources */,
				67E063FA2C35E85A00D64907 /* RMRequest.swift in Sources */,
				679FE0292C35A6040073FBA7 /* RMCharacterViewController.swift in Sources */,
			);
			runOnlyForDeploymentPostprocessing = 0;
		};
/* End PBXSourcesBuildPhase section */

/* Begin PBXVariantGroup section */
		679FE0112C35A35D0073FBA7 /* LaunchScreen.storyboard */ = {
			isa = PBXVariantGroup;
			children = (
				679FE0122C35A35D0073FBA7 /* Base */,
			);
			name = LaunchScreen.storyboard;
			sourceTree = "<group>";
		};
/* End PBXVariantGroup section */

/* Begin XCBuildConfiguration section */
		679FE0152C35A35D0073FBA7 /* Debug */ = {
			isa = XCBuildConfiguration;
			buildSettings = {
				ALWAYS_SEARCH_USER_PATHS = NO;
				ASSETCATALOG_COMPILER_GENERATE_SWIFT_ASSET_SYMBOL_EXTENSIONS = YES;
				CLANG_ANALYZER_NONNULL = YES;
				CLANG_ANALYZER_NUMBER_OBJECT_CONVERSION = YES_AGGRESSIVE;
				CLANG_CXX_LANGUAGE_STANDARD = "gnu++20";
				CLANG_ENABLE_MODULES = YES;
				CLANG_ENABLE_OBJC_ARC = YES;
				CLANG_ENABLE_OBJC_WEAK = YES;
				CLANG_WARN_BLOCK_CAPTURE_AUTORELEASING = YES;
				CLANG_WARN_BOOL_CONVERSION = YES;
				CLANG_WARN_COMMA = YES;
				CLANG_WARN_CONSTANT_CONVERSION = YES;
				CLANG_WARN_DEPRECATED_OBJC_IMPLEMENTATIONS = YES;
				CLANG_WARN_DIRECT_OBJC_ISA_USAGE = YES_ERROR;
				CLANG_WARN_DOCUMENTATION_COMMENTS = YES;
				CLANG_WARN_EMPTY_BODY = YES;
				CLANG_WARN_ENUM_CONVERSION = YES;
				CLANG_WARN_INFINITE_RECURSION = YES;
				CLANG_WARN_INT_CONVERSION = YES;
				CLANG_WARN_NON_LITERAL_NULL_CONVERSION = YES;
				CLANG_WARN_OBJC_IMPLICIT_RETAIN_SELF = YES;
				CLANG_WARN_OBJC_LITERAL_CONVERSION = YES;
				CLANG_WARN_OBJC_ROOT_CLASS = YES_ERROR;
				CLANG_WARN_QUOTED_INCLUDE_IN_FRAMEWORK_HEADER = YES;
				CLANG_WARN_RANGE_LOOP_ANALYSIS = YES;
				CLANG_WARN_STRICT_PROTOTYPES = YES;
				CLANG_WARN_SUSPICIOUS_MOVE = YES;
				CLANG_WARN_UNGUARDED_AVAILABILITY = YES_AGGRESSIVE;
				CLANG_WARN_UNREACHABLE_CODE = YES;
				CLANG_WARN__DUPLICATE_METHOD_MATCH = YES;
				COPY_PHASE_STRIP = NO;
				DEBUG_INFORMATION_FORMAT = dwarf;
				ENABLE_STRICT_OBJC_MSGSEND = YES;
				ENABLE_TESTABILITY = YES;
				ENABLE_USER_SCRIPT_SANDBOXING = YES;
				GCC_C_LANGUAGE_STANDARD = gnu17;
				GCC_DYNAMIC_NO_PIC = NO;
				GCC_NO_COMMON_BLOCKS = YES;
				GCC_OPTIMIZATION_LEVEL = 0;
				GCC_PREPROCESSOR_DEFINITIONS = (
					"DEBUG=1",
					"$(inherited)",
				);
				GCC_WARN_64_TO_32_BIT_CONVERSION = YES;
				GCC_WARN_ABOUT_RETURN_TYPE = YES_ERROR;
				GCC_WARN_UNDECLARED_SELECTOR = YES;
				GCC_WARN_UNINITIALIZED_AUTOS = YES_AGGRESSIVE;
				GCC_WARN_UNUSED_FUNCTION = YES;
				GCC_WARN_UNUSED_VARIABLE = YES;
				IPHONEOS_DEPLOYMENT_TARGET = 17.2;
				LOCALIZATION_PREFERS_STRING_CATALOGS = YES;
				MTL_ENABLE_DEBUG_INFO = INCLUDE_SOURCE;
				MTL_FAST_MATH = YES;
				ONLY_ACTIVE_ARCH = YES;
				SDKROOT = iphoneos;
				SWIFT_ACTIVE_COMPILATION_CONDITIONS = "DEBUG $(inherited)";
				SWIFT_OPTIMIZATION_LEVEL = "-Onone";
			};
			name = Debug;
		};
		679FE0162C35A35D0073FBA7 /* Release */ = {
			isa = XCBuildConfiguration;
			buildSettings = {
				ALWAYS_SEARCH_USER_PATHS = NO;
				ASSETCATALOG_COMPILER_GENERATE_SWIFT_ASSET_SYMBOL_EXTENSIONS = YES;
				CLANG_ANALYZER_NONNULL = YES;
				CLANG_ANALYZER_NUMBER_OBJECT_CONVERSION = YES_AGGRESSIVE;
				CLANG_CXX_LANGUAGE_STANDARD = "gnu++20";
				CLANG_ENABLE_MODULES = YES;
				CLANG_ENABLE_OBJC_ARC = YES;
				CLANG_ENABLE_OBJC_WEAK = YES;
				CLANG_WARN_BLOCK_CAPTURE_AUTORELEASING = YES;
				CLANG_WARN_BOOL_CONVERSION = YES;
				CLANG_WARN_COMMA = YES;
				CLANG_WARN_CONSTANT_CONVERSION = YES;
				CLANG_WARN_DEPRECATED_OBJC_IMPLEMENTATIONS = YES;
				CLANG_WARN_DIRECT_OBJC_ISA_USAGE = YES_ERROR;
				CLANG_WARN_DOCUMENTATION_COMMENTS = YES;
				CLANG_WARN_EMPTY_BODY = YES;
				CLANG_WARN_ENUM_CONVERSION = YES;
				CLANG_WARN_INFINITE_RECURSION = YES;
				CLANG_WARN_INT_CONVERSION = YES;
				CLANG_WARN_NON_LITERAL_NULL_CONVERSION = YES;
				CLANG_WARN_OBJC_IMPLICIT_RETAIN_SELF = YES;
				CLANG_WARN_OBJC_LITERAL_CONVERSION = YES;
				CLANG_WARN_OBJC_ROOT_CLASS = YES_ERROR;
				CLANG_WARN_QUOTED_INCLUDE_IN_FRAMEWORK_HEADER = YES;
				CLANG_WARN_RANGE_LOOP_ANALYSIS = YES;
				CLANG_WARN_STRICT_PROTOTYPES = YES;
				CLANG_WARN_SUSPICIOUS_MOVE = YES;
				CLANG_WARN_UNGUARDED_AVAILABILITY = YES_AGGRESSIVE;
				CLANG_WARN_UNREACHABLE_CODE = YES;
				CLANG_WARN__DUPLICATE_METHOD_MATCH = YES;
				COPY_PHASE_STRIP = NO;
				DEBUG_INFORMATION_FORMAT = "dwarf-with-dsym";
				ENABLE_NS_ASSERTIONS = NO;
				ENABLE_STRICT_OBJC_MSGSEND = YES;
				ENABLE_USER_SCRIPT_SANDBOXING = YES;
				GCC_C_LANGUAGE_STANDARD = gnu17;
				GCC_NO_COMMON_BLOCKS = YES;
				GCC_WARN_64_TO_32_BIT_CONVERSION = YES;
				GCC_WARN_ABOUT_RETURN_TYPE = YES_ERROR;
				GCC_WARN_UNDECLARED_SELECTOR = YES;
				GCC_WARN_UNINITIALIZED_AUTOS = YES_AGGRESSIVE;
				GCC_WARN_UNUSED_FUNCTION = YES;
				GCC_WARN_UNUSED_VARIABLE = YES;
				IPHONEOS_DEPLOYMENT_TARGET = 17.2;
				LOCALIZATION_PREFERS_STRING_CATALOGS = YES;
				MTL_ENABLE_DEBUG_INFO = NO;
				MTL_FAST_MATH = YES;
				SDKROOT = iphoneos;
				SWIFT_COMPILATION_MODE = wholemodule;
				VALIDATE_PRODUCT = YES;
			};
			name = Release;
		};
		679FE0182C35A35D0073FBA7 /* Debug */ = {
			isa = XCBuildConfiguration;
			buildSettings = {
				ASSETCATALOG_COMPILER_APPICON_NAME = AppIcon;
				ASSETCATALOG_COMPILER_GLOBAL_ACCENT_COLOR_NAME = AccentColor;
				CODE_SIGN_STYLE = Automatic;
				CURRENT_PROJECT_VERSION = 1;
				GENERATE_INFOPLIST_FILE = YES;
				INFOPLIST_FILE = RickAndMorty/Info.plist;
				INFOPLIST_KEY_UIApplicationSupportsIndirectInputEvents = YES;
				INFOPLIST_KEY_UILaunchStoryboardName = LaunchScreen;
				INFOPLIST_KEY_UISupportedInterfaceOrientations_iPad = "UIInterfaceOrientationPortrait UIInterfaceOrientationPortraitUpsideDown UIInterfaceOrientationLandscapeLeft UIInterfaceOrientationLandscapeRight";
				INFOPLIST_KEY_UISupportedInterfaceOrientations_iPhone = "UIInterfaceOrientationPortrait UIInterfaceOrientationLandscapeLeft UIInterfaceOrientationLandscapeRight";
				LD_RUNPATH_SEARCH_PATHS = (
					"$(inherited)",
					"@executable_path/Frameworks",
				);
				MARKETING_VERSION = 1.0;
				PRODUCT_BUNDLE_IDENTIFIER = safakselimsofioglu.RickAndMorty;
				PRODUCT_NAME = "$(TARGET_NAME)";
				SWIFT_EMIT_LOC_STRINGS = YES;
				SWIFT_VERSION = 5.0;
				TARGETED_DEVICE_FAMILY = "1,2";
			};
			name = Debug;
		};
		679FE0192C35A35D0073FBA7 /* Release */ = {
			isa = XCBuildConfiguration;
			buildSettings = {
				ASSETCATALOG_COMPILER_APPICON_NAME = AppIcon;
				ASSETCATALOG_COMPILER_GLOBAL_ACCENT_COLOR_NAME = AccentColor;
				CODE_SIGN_STYLE = Automatic;
				CURRENT_PROJECT_VERSION = 1;
				GENERATE_INFOPLIST_FILE = YES;
				INFOPLIST_FILE = RickAndMorty/Info.plist;
				INFOPLIST_KEY_UIApplicationSupportsIndirectInputEvents = YES;
				INFOPLIST_KEY_UILaunchStoryboardName = LaunchScreen;
				INFOPLIST_KEY_UISupportedInterfaceOrientations_iPad = "UIInterfaceOrientationPortrait UIInterfaceOrientationPortraitUpsideDown UIInterfaceOrientationLandscapeLeft UIInterfaceOrientationLandscapeRight";
				INFOPLIST_KEY_UISupportedInterfaceOrientations_iPhone = "UIInterfaceOrientationPortrait UIInterfaceOrientationLandscapeLeft UIInterfaceOrientationLandscapeRight";
				LD_RUNPATH_SEARCH_PATHS = (
					"$(inherited)",
					"@executable_path/Frameworks",
				);
				MARKETING_VERSION = 1.0;
				PRODUCT_BUNDLE_IDENTIFIER = safakselimsofioglu.RickAndMorty;
				PRODUCT_NAME = "$(TARGET_NAME)";
				SWIFT_EMIT_LOC_STRINGS = YES;
				SWIFT_VERSION = 5.0;
				TARGETED_DEVICE_FAMILY = "1,2";
			};
			name = Release;
		};
/* End XCBuildConfiguration section */

/* Begin XCConfigurationList section */
		679FDFFE2C35A35B0073FBA7 /* Build configuration list for PBXProject "RickAndMorty" */ = {
			isa = XCConfigurationList;
			buildConfigurations = (
				679FE0152C35A35D0073FBA7 /* Debug */,
				679FE0162C35A35D0073FBA7 /* Release */,
			);
			defaultConfigurationIsVisible = 0;
			defaultConfigurationName = Release;
		};
		679FE0172C35A35D0073FBA7 /* Build configuration list for PBXNativeTarget "RickAndMorty" */ = {
			isa = XCConfigurationList;
			buildConfigurations = (
				679FE0182C35A35D0073FBA7 /* Debug */,
				679FE0192C35A35D0073FBA7 /* Release */,
			);
			defaultConfigurationIsVisible = 0;
			defaultConfigurationName = Release;
		};
/* End XCConfigurationList section */
	};
	rootObject = 679FDFFB2C35A35B0073FBA7 /* Project object */;
}
